
Microsoft Visual Studio Solution File, Format Version 12.00
# Visual Studio Version 16
VisualStudioVersion = 16.0.32106.194
MinimumVisualStudioVersion = 10.0.40219.1
Project("{FAE04EC0-301F-11D3-BF4B-00C04F79EFBC}") = "WpfNaverMovieFinder", "WpfNaverMovieFinder\WpfNaverMovieFinder.csproj", "{D8D9451E-7F7A-46B5-B25C-38C3428E972E}"
EndProject
Global
	GlobalSection(SolutionConfigurationPlatforms) = preSolution
		Debug|Any CPU = Debug|Any CPU
		Release|Any CPU = Release|Any CPU
	EndGlobalSection
	GlobalSection(ProjectConfigurationPlatforms) = postSolution
		{D8D9451E-7F7A-46B5-B25C-38C3428E972E}.Debug|Any CPU.ActiveCfg = Debug|Any CPU
		{D8D9451E-7F7A-46B5-B25C-38C3428E972E}.Debug|Any CPU.Build.0 = Debug|Any CPU
		{D8D9451E-7F7A-46B5-B25C-38C3428E972E}.Release|Any CPU.ActiveCfg = Release|Any CPU
		{D8D9451E-7F7A-46B5-B25C-38C3428E972E}.Release|Any CPU.Build.0 = Release|Any CPU
	EndGlobalSection
	GlobalSection(SolutionProperties) = preSolution
		HideSolutionNode = FALSE
	EndGlobalSection
	GlobalSection(ExtensibilityGlobals) = postSolution
		SolutionGuid = {BBCCADD7-E46F-424D-8847-A6A5A6207D17}
	EndGlobalSection
EndGlobal
