
Microsoft Visual Studio Solution File, Format Version 12.00
# Visual Studio Version 16
VisualStudioVersion = 16.0.32106.194
MinimumVisualStudioVersion = 10.0.40219.1
Project("{FAE04EC0-301F-11D3-BF4B-00C04F79EFBC}") = "WpfNaverMovieFinder", "WpfNaverMovieFinder\WpfNaverMovieFinder.csproj", "{D8D9451E-7F7A-46B5-B25C-38C3428E972E}"
EndProject
Project("{FAE04EC0-301F-11D3-BF4B-00C04F79EFBC}") = "WpfNaverNewsSearch", "WpfNaverNewsSearch\WpfNaverNewsSearch.csproj", "{08D1F078-2D57-49DC-ABD8-BC2E58394A1D}"
EndProject
Project("{2150E333-8FDC-42A3-9474-1A3956D46DE8}") = "SmartHome", "SmartHome", "{A64B1A79-1857-47F6-90CF-2D75C6C2F20C}"
EndProject
Project("{FAE04EC0-301F-11D3-BF4B-00C04F79EFBC}") = "DummyDataApp", "DummyDataApp\DummyDataApp.csproj", "{2979FC62-0F83-48A9-9362-130F532FCEAF}"
EndProject
Project("{FAE04EC0-301F-11D3-BF4B-00C04F79EFBC}") = "WpfSmartHomeMonitoringApp", "WpfSmartHomeMonitoringApp\WpfSmartHomeMonitoringApp.csproj", "{9527DA9F-ABE1-4E68-809E-0AD9BF063557}"
EndProject
Global
	GlobalSection(SolutionConfigurationPlatforms) = preSolution
		Debug|Any CPU = Debug|Any CPU
		Release|Any CPU = Release|Any CPU
	EndGlobalSection
	GlobalSection(ProjectConfigurationPlatforms) = postSolution
		{D8D9451E-7F7A-46B5-B25C-38C3428E972E}.Debug|Any CPU.ActiveCfg = Debug|Any CPU
		{D8D9451E-7F7A-46B5-B25C-38C3428E972E}.Debug|Any CPU.Build.0 = Debug|Any CPU
		{D8D9451E-7F7A-46B5-B25C-38C3428E972E}.Release|Any CPU.ActiveCfg = Release|Any CPU
		{D8D9451E-7F7A-46B5-B25C-38C3428E972E}.Release|Any CPU.Build.0 = Release|Any CPU
		{08D1F078-2D57-49DC-ABD8-BC2E58394A1D}.Debug|Any CPU.ActiveCfg = Debug|Any CPU
		{08D1F078-2D57-49DC-ABD8-BC2E58394A1D}.Debug|Any CPU.Build.0 = Debug|Any CPU
		{08D1F078-2D57-49DC-ABD8-BC2E58394A1D}.Release|Any CPU.ActiveCfg = Release|Any CPU
		{08D1F078-2D57-49DC-ABD8-BC2E58394A1D}.Release|Any CPU.Build.0 = Release|Any CPU
		{2979FC62-0F83-48A9-9362-130F532FCEAF}.Debug|Any CPU.ActiveCfg = Debug|Any CPU
		{2979FC62-0F83-48A9-9362-130F532FCEAF}.Debug|Any CPU.Build.0 = Debug|Any CPU
		{2979FC62-0F83-48A9-9362-130F532FCEAF}.Release|Any CPU.ActiveCfg = Release|Any CPU
		{2979FC62-0F83-48A9-9362-130F532FCEAF}.Release|Any CPU.Build.0 = Release|Any CPU
		{9527DA9F-ABE1-4E68-809E-0AD9BF063557}.Debug|Any CPU.ActiveCfg = Debug|Any CPU
		{9527DA9F-ABE1-4E68-809E-0AD9BF063557}.Debug|Any CPU.Build.0 = Debug|Any CPU
		{9527DA9F-ABE1-4E68-809E-0AD9BF063557}.Release|Any CPU.ActiveCfg = Release|Any CPU
		{9527DA9F-ABE1-4E68-809E-0AD9BF063557}.Release|Any CPU.Build.0 = Release|Any CPU
	EndGlobalSection
	GlobalSection(SolutionProperties) = preSolution
		HideSolutionNode = FALSE
	EndGlobalSection
	GlobalSection(NestedProjects) = preSolution
		{2979FC62-0F83-48A9-9362-130F532FCEAF} = {A64B1A79-1857-47F6-90CF-2D75C6C2F20C}
		{9527DA9F-ABE1-4E68-809E-0AD9BF063557} = {A64B1A79-1857-47F6-90CF-2D75C6C2F20C}
	EndGlobalSection
	GlobalSection(ExtensibilityGlobals) = postSolution
		SolutionGuid = {BBCCADD7-E46F-424D-8847-A6A5A6207D17}
	EndGlobalSection
EndGlobal
