
Microsoft Visual Studio Solution File, Format Version 12.00
# Visual Studio Version 16
VisualStudioVersion = 16.0.32106.194
MinimumVisualStudioVersion = 10.0.40219.1
Project("{FAE04EC0-301F-11D3-BF4B-00C04F79EFBC}") = "WpfMahAppTest", "WpfMahAppTest.csproj", "{A76E7B29-6BA9-4E89-BBB5-C6C9292921C8}"
EndProject
Global
	GlobalSection(SolutionConfigurationPlatforms) = preSolution
		Debug|Any CPU = Debug|Any CPU
		Release|Any CPU = Release|Any CPU
	EndGlobalSection
	GlobalSection(ProjectConfigurationPlatforms) = postSolution
		{A76E7B29-6BA9-4E89-BBB5-C6C9292921C8}.Debug|Any CPU.ActiveCfg = Debug|Any CPU
		{A76E7B29-6BA9-4E89-BBB5-C6C9292921C8}.Debug|Any CPU.Build.0 = Debug|Any CPU
		{A76E7B29-6BA9-4E89-BBB5-C6C9292921C8}.Release|Any CPU.ActiveCfg = Release|Any CPU
		{A76E7B29-6BA9-4E89-BBB5-C6C9292921C8}.Release|Any CPU.Build.0 = Release|Any CPU
	EndGlobalSection
	GlobalSection(SolutionProperties) = preSolution
		HideSolutionNode = FALSE
	EndGlobalSection
	GlobalSection(ExtensibilityGlobals) = postSolution
		SolutionGuid = {247378B9-7317-409B-B7F5-B2BB8133C0FE}
	EndGlobalSection
EndGlobal
